// !$*UTF8*$!
{
	archiveVersion = 1;
	classes = {
	};
	objectVersion = 46;
	objects = {

/* Begin PBXBuildFile section */
		C214AFBA14DAD9B7001E706A /* Cocoa.framework in Frameworks */ = {isa = PBXBuildFile; fileRef = C214AFB914DAD9B7001E706A /* Cocoa.framework */; };
		C214AFC414DAD9B7001E706A /* InfoPlist.strings in Resources */ = {isa = PBXBuildFile; fileRef = C214AFC214DAD9B7001E706A /* InfoPlist.strings */; };
		C214AFC614DAD9B7001E706A /* main.m in Sources */ = {isa = PBXBuildFile; fileRef = C214AFC514DAD9B7001E706A /* main.m */; };
		C214AFCA14DAD9B7001E706A /* Credits.rtf in Resources */ = {isa = PBXBuildFile; fileRef = C214AFC814DAD9B7001E706A /* Credits.rtf */; };
		C214AFCD14DAD9B7001E706A /* ALEXAppDelegate.m in Sources */ = {isa = PBXBuildFile; fileRef = C214AFCC14DAD9B7001E706A /* ALEXAppDelegate.m */; };
		C214AFD014DAD9B7001E706A /* MainMenu.xib in Resources */ = {isa = PBXBuildFile; fileRef = C214AFCE14DAD9B7001E706A /* MainMenu.xib */; };
		C21C586514E532BC0072E56A /* example.mime in Resources */ = {isa = PBXBuildFile; fileRef = C21C586414E532BC0072E56A /* example.mime */; };
		C28B940614EA7153004BEE84 /* NSString+ALEXMIMEMessage.m in Sources */ = {isa = PBXBuildFile; fileRef = C2A7519114E690F700F87383 /* NSString+ALEXMIMEMessage.m */; };
		C2D0674914E61C5700897EA3 /* ALEXMIMEMessage.m in Sources */ = {isa = PBXBuildFile; fileRef = C2D0674814E61C5700897EA3 /* ALEXMIMEMessage.m */; };
/* End PBXBuildFile section */

/* Begin PBXFileReference section */
		C214AFB514DAD9B7001E706A /* ALEXMIMEMessageApp.app */ = {isa = PBXFileReference; explicitFileType = wrapper.application; includeInIndex = 0; path = ALEXMIMEMessageApp.app; sourceTree = BUILT_PRODUCTS_DIR; };
		C214AFB914DAD9B7001E706A /* Cocoa.framework */ = {isa = PBXFileReference; lastKnownFileType = wrapper.framework; name = Cocoa.framework; path = System/Library/Frameworks/Cocoa.framework; sourceTree = SDKROOT; };
		C214AFBC14DAD9B7001E706A /* AppKit.framework */ = {isa = PBXFileReference; lastKnownFileType = wrapper.framework; name = AppKit.framework; path = System/Library/Frameworks/AppKit.framework; sourceTree = SDKROOT; };
		C214AFBD14DAD9B7001E706A /* CoreData.framework */ = {isa = PBXFileReference; lastKnownFileType = wrapper.framework; name = CoreData.framework; path = System/Library/Frameworks/CoreData.framework; sourceTree = SDKROOT; };
		C214AFBE14DAD9B7001E706A /* Foundation.framework */ = {isa = PBXFileReference; lastKnownFileType = wrapper.framework; name = Foundation.framework; path = System/Library/Frameworks/Foundation.framework; sourceTree = SDKROOT; };
		C214AFC114DAD9B7001E706A /* ALEXMIMEMessage-Info.plist */ = {isa = PBXFileReference; lastKnownFileType = text.plist.xml; path = "ALEXMIMEMessage-Info.plist"; sourceTree = "<group>"; };
		C214AFC314DAD9B7001E706A /* en */ = {isa = PBXFileReference; lastKnownFileType = text.plist.strings; name = en; path = en.lproj/InfoPlist.strings; sourceTree = "<group>"; };
		C214AFC514DAD9B7001E706A /* main.m */ = {isa = PBXFileReference; lastKnownFileType = sourcecode.c.objc; path = main.m; sourceTree = "<group>"; };
		C214AFC714DAD9B7001E706A /* ALEXMIMEMessage-Prefix.pch */ = {isa = PBXFileReference; lastKnownFileType = sourcecode.c.h; path = "ALEXMIMEMessage-Prefix.pch"; sourceTree = "<group>"; };
		C214AFC914DAD9B7001E706A /* en */ = {isa = PBXFileReference; lastKnownFileType = text.rtf; name = en; path = en.lproj/Credits.rtf; sourceTree = "<group>"; };
		C214AFCB14DAD9B7001E706A /* ALEXAppDelegate.h */ = {isa = PBXFileReference; lastKnownFileType = sourcecode.c.h; path = ALEXAppDelegate.h; sourceTree = "<group>"; };
		C214AFCC14DAD9B7001E706A /* ALEXAppDelegate.m */ = {isa = PBXFileReference; lastKnownFileType = sourcecode.c.objc; path = ALEXAppDelegate.m; sourceTree = "<group>"; };
		C214AFCF14DAD9B7001E706A /* en */ = {isa = PBXFileReference; lastKnownFileType = file.xib; name = en; path = en.lproj/MainMenu.xib; sourceTree = "<group>"; };
		C21C586414E532BC0072E56A /* example.mime */ = {isa = PBXFileReference; fileEncoding = 4; lastKnownFileType = text; lineEnding = 2; path = example.mime; sourceTree = "<group>"; };
		C28709C414DE9FC300BB6072 /* ALEXMIMEDefinitions.h */ = {isa = PBXFileReference; fileEncoding = 4; lastKnownFileType = sourcecode.c.h; name = ALEXMIMEDefinitions.h; path = ../ALEXMIMEMessage/ALEXMIMEDefinitions.h; sourceTree = "<group>"; };
		C2A7518C14E690F700F87383 /* ALEXMIMEParser.h */ = {isa = PBXFileReference; fileEncoding = 4; lastKnownFileType = sourcecode.c.h; path = ALEXMIMEParser.h; sourceTree = "<group>"; };
		C2A7518D14E690F700F87383 /* ALEXMIMEParser.m */ = {isa = PBXFileReference; fileEncoding = 4; lastKnownFileType = sourcecode.c.objc; path = ALEXMIMEParser.m; sourceTree = "<group>"; };
		C2A7518E14E690F700F87383 /* NSObject+ALEXDelegation.h */ = {isa = PBXFileReference; fileEncoding = 4; lastKnownFileType = sourcecode.c.h; path = "NSObject+ALEXDelegation.h"; sourceTree = "<group>"; };
		C2A7518F14E690F700F87383 /* NSObject+ALEXDelegation.m */ = {isa = PBXFileReference; fileEncoding = 4; lastKnownFileType = sourcecode.c.objc; path = "NSObject+ALEXDelegation.m"; sourceTree = "<group>"; };
		C2A7519014E690F700F87383 /* NSString+ALEXMIMEMessage.h */ = {isa = PBXFileReference; fileEncoding = 4; lastKnownFileType = sourcecode.c.h; path = "NSString+ALEXMIMEMessage.h"; sourceTree = "<group>"; };
		C2A7519114E690F700F87383 /* NSString+ALEXMIMEMessage.m */ = {isa = PBXFileReference; fileEncoding = 4; lastKnownFileType = sourcecode.c.objc; path = "NSString+ALEXMIMEMessage.m"; sourceTree = "<group>"; };
		C2D0674514E614A600897EA3 /* ALEXLog.h */ = {isa = PBXFileReference; fileEncoding = 4; lastKnownFileType = sourcecode.c.h; path = ALEXLog.h; sourceTree = "<group>"; };
		C2D0674714E61C5700897EA3 /* ALEXMIMEMessage.h */ = {isa = PBXFileReference; fileEncoding = 4; lastKnownFileType = sourcecode.c.h; path = ALEXMIMEMessage.h; sourceTree = "<group>"; };
		C2D0674814E61C5700897EA3 /* ALEXMIMEMessage.m */ = {isa = PBXFileReference; fileEncoding = 4; lastKnownFileType = sourcecode.c.objc; path = ALEXMIMEMessage.m; sourceTree = "<group>"; };
/* End PBXFileReference section */

/* Begin PBXFrameworksBuildPhase section */
		C214AFB214DAD9B7001E706A /* Frameworks */ = {
			isa = PBXFrameworksBuildPhase;
			buildActionMask = 2147483647;
			files = (
				C214AFBA14DAD9B7001E706A /* Cocoa.framework in Frameworks */,
			);
			runOnlyForDeploymentPostprocessing = 0;
		};
/* End PBXFrameworksBuildPhase section */

/* Begin PBXGroup section */
		C214AFAA14DAD9B7001E706A = {
			isa = PBXGroup;
			children = (
				C2D0674514E614A600897EA3 /* ALEXLog.h */,
				C214AFD614DADBB1001E706A /* ALEXMIMEMessage */,
				C214AFBF14DAD9B7001E706A /* TestApp */,
				C2A7518B14E690D500F87383 /* _Experiments */,
				C214AFB814DAD9B7001E706A /* Frameworks */,
				C214AFB614DAD9B7001E706A /* Products */,
			);
			sourceTree = "<group>";
		};
		C214AFB614DAD9B7001E706A /* Products */ = {
			isa = PBXGroup;
			children = (
				C214AFB514DAD9B7001E706A /* ALEXMIMEMessageApp.app */,
			);
			name = Products;
			sourceTree = "<group>";
		};
		C214AFB814DAD9B7001E706A /* Frameworks */ = {
			isa = PBXGroup;
			children = (
				C214AFB914DAD9B7001E706A /* Cocoa.framework */,
				C214AFBB14DAD9B7001E706A /* Other Frameworks */,
			);
			name = Frameworks;
			sourceTree = "<group>";
		};
		C214AFBB14DAD9B7001E706A /* Other Frameworks */ = {
			isa = PBXGroup;
			children = (
				C214AFBC14DAD9B7001E706A /* AppKit.framework */,
				C214AFBD14DAD9B7001E706A /* CoreData.framework */,
				C214AFBE14DAD9B7001E706A /* Foundation.framework */,
			);
			name = "Other Frameworks";
			sourceTree = "<group>";
		};
		C214AFBF14DAD9B7001E706A /* TestApp */ = {
			isa = PBXGroup;
			children = (
				C214AFCB14DAD9B7001E706A /* ALEXAppDelegate.h */,
				C214AFCC14DAD9B7001E706A /* ALEXAppDelegate.m */,
				C214AFCE14DAD9B7001E706A /* MainMenu.xib */,
				C21C586014E486F50072E56A /* examples */,
				C214AFC014DAD9B7001E706A /* Supporting Files */,
			);
			path = TestApp;
			sourceTree = "<group>";
		};
		C214AFC014DAD9B7001E706A /* Supporting Files */ = {
			isa = PBXGroup;
			children = (
				C214AFC114DAD9B7001E706A /* ALEXMIMEMessage-Info.plist */,
				C214AFC214DAD9B7001E706A /* InfoPlist.strings */,
				C214AFC514DAD9B7001E706A /* main.m */,
				C214AFC714DAD9B7001E706A /* ALEXMIMEMessage-Prefix.pch */,
				C214AFC814DAD9B7001E706A /* Credits.rtf */,
			);
			name = "Supporting Files";
			sourceTree = "<group>";
		};
		C214AFD614DADBB1001E706A /* ALEXMIMEMessage */ = {
			isa = PBXGroup;
			children = (
				C2D0674714E61C5700897EA3 /* ALEXMIMEMessage.h */,
				C2D0674814E61C5700897EA3 /* ALEXMIMEMessage.m */,
				C2A7519014E690F700F87383 /* NSString+ALEXMIMEMessage.h */,
				C2A7519114E690F700F87383 /* NSString+ALEXMIMEMessage.m */,
			);
			path = ALEXMIMEMessage;
			sourceTree = "<group>";
		};
		C21C586014E486F50072E56A /* examples */ = {
			isa = PBXGroup;
			children = (
				C21C586414E532BC0072E56A /* example.mime */,
			);
			path = examples;
			sourceTree = "<group>";
		};
		C2A7518B14E690D500F87383 /* _Experiments */ = {
			isa = PBXGroup;
			children = (
				C28709C414DE9FC300BB6072 /* ALEXMIMEDefinitions.h */,
				C2A7518C14E690F700F87383 /* ALEXMIMEParser.h */,
				C2A7518D14E690F700F87383 /* ALEXMIMEParser.m */,
				C2A7518E14E690F700F87383 /* NSObject+ALEXDelegation.h */,
				C2A7518F14E690F700F87383 /* NSObject+ALEXDelegation.m */,
			);
			path = _Experiments;
			sourceTree = "<group>";
		};
/* End PBXGroup section */

/* Begin PBXNativeTarget section */
		C214AFB414DAD9B7001E706A /* ALEXMIMEMessageApp */ = {
			isa = PBXNativeTarget;
			buildConfigurationList = C214AFD314DAD9B7001E706A /* Build configuration list for PBXNativeTarget "ALEXMIMEMessageApp" */;
			buildPhases = (
				C214AFB114DAD9B7001E706A /* Sources */,
				C214AFB214DAD9B7001E706A /* Frameworks */,
				C214AFB314DAD9B7001E706A /* Resources */,
			);
			buildRules = (
			);
			dependencies = (
			);
			name = ALEXMIMEMessageApp;
			productName = MIMEMessage;
			productReference = C214AFB514DAD9B7001E706A /* ALEXMIMEMessageApp.app */;
			productType = "com.apple.product-type.application";
		};
/* End PBXNativeTarget section */

/* Begin PBXProject section */
		C214AFAC14DAD9B7001E706A /* Project object */ = {
			isa = PBXProject;
			attributes = {
				LastUpgradeCheck = 0430;
				ORGANIZATIONNAME = "Alexander Kempgen";
			};
			buildConfigurationList = C214AFAF14DAD9B7001E706A /* Build configuration list for PBXProject "ALEXMIMEMessage" */;
			compatibilityVersion = "Xcode 3.2";
			developmentRegion = English;
			hasScannedForEncodings = 0;
			knownRegions = (
				en,
			);
			mainGroup = C214AFAA14DAD9B7001E706A;
			productRefGroup = C214AFB614DAD9B7001E706A /* Products */;
			projectDirPath = "";
			projectRoot = "";
			targets = (
				C214AFB414DAD9B7001E706A /* ALEXMIMEMessageApp */,
			);
		};
/* End PBXProject section */

/* Begin PBXResourcesBuildPhase section */
		C214AFB314DAD9B7001E706A /* Resources */ = {
			isa = PBXResourcesBuildPhase;
			buildActionMask = 2147483647;
			files = (
				C214AFC414DAD9B7001E706A /* InfoPlist.strings in Resources */,
				C214AFCA14DAD9B7001E706A /* Credits.rtf in Resources */,
				C214AFD014DAD9B7001E706A /* MainMenu.xib in Resources */,
				C21C586514E532BC0072E56A /* example.mime in Resources */,
			);
			runOnlyForDeploymentPostprocessing = 0;
		};
/* End PBXResourcesBuildPhase section */

/* Begin PBXSourcesBuildPhase section */
		C214AFB114DAD9B7001E706A /* Sources */ = {
			isa = PBXSourcesBuildPhase;
			buildActionMask = 2147483647;
			files = (
				C214AFC614DAD9B7001E706A /* main.m in Sources */,
				C214AFCD14DAD9B7001E706A /* ALEXAppDelegate.m in Sources */,
				C2D0674914E61C5700897EA3 /* ALEXMIMEMessage.m in Sources */,
				C28B940614EA7153004BEE84 /* NSString+ALEXMIMEMessage.m in Sources */,
			);
			runOnlyForDeploymentPostprocessing = 0;
		};
/* End PBXSourcesBuildPhase section */

/* Begin PBXVariantGroup section */
		C214AFC214DAD9B7001E706A /* InfoPlist.strings */ = {
			isa = PBXVariantGroup;
			children = (
				C214AFC314DAD9B7001E706A /* en */,
			);
			name = InfoPlist.strings;
			sourceTree = "<group>";
		};
		C214AFC814DAD9B7001E706A /* Credits.rtf */ = {
			isa = PBXVariantGroup;
			children = (
				C214AFC914DAD9B7001E706A /* en */,
			);
			name = Credits.rtf;
			sourceTree = "<group>";
		};
		C214AFCE14DAD9B7001E706A /* MainMenu.xib */ = {
			isa = PBXVariantGroup;
			children = (
				C214AFCF14DAD9B7001E706A /* en */,
			);
			name = MainMenu.xib;
			sourceTree = "<group>";
		};
/* End PBXVariantGroup section */

/* Begin XCBuildConfiguration section */
		C214AFD114DAD9B7001E706A /* Debug */ = {
			isa = XCBuildConfiguration;
			buildSettings = {
				ALWAYS_SEARCH_USER_PATHS = NO;
				ARCHS = "$(ARCHS_STANDARD_64_BIT)";
				CLANG_ENABLE_OBJC_ARC = YES;
				COPY_PHASE_STRIP = NO;
				GCC_C_LANGUAGE_STANDARD = gnu99;
				GCC_DYNAMIC_NO_PIC = NO;
				GCC_ENABLE_OBJC_EXCEPTIONS = YES;
				GCC_OPTIMIZATION_LEVEL = 0;
				GCC_PREPROCESSOR_DEFINITIONS = (
					"DEBUG=1",
					"$(inherited)",
				);
				GCC_SYMBOLS_PRIVATE_EXTERN = NO;
				GCC_VERSION = com.apple.compilers.llvm.clang.1_0;
				GCC_WARN_64_TO_32_BIT_CONVERSION = YES;
				GCC_WARN_ABOUT_MISSING_PROTOTYPES = YES;
				GCC_WARN_ABOUT_RETURN_TYPE = YES;
				GCC_WARN_UNUSED_VARIABLE = YES;
				ONLY_ACTIVE_ARCH = YES;
				SDKROOT = macosx;
			};
			name = Debug;
		};
		C214AFD214DAD9B7001E706A /* Release */ = {
			isa = XCBuildConfiguration;
			buildSettings = {
				ALWAYS_SEARCH_USER_PATHS = NO;
				ARCHS = "$(ARCHS_STANDARD_64_BIT)";
				CLANG_ENABLE_OBJC_ARC = YES;
				COPY_PHASE_STRIP = YES;
				DEBUG_INFORMATION_FORMAT = "dwarf-with-dsym";
				GCC_C_LANGUAGE_STANDARD = gnu99;
				GCC_ENABLE_OBJC_EXCEPTIONS = YES;
				GCC_VERSION = com.apple.compilers.llvm.clang.1_0;
				GCC_WARN_64_TO_32_BIT_CONVERSION = YES;
				GCC_WARN_ABOUT_MISSING_PROTOTYPES = YES;
				GCC_WARN_ABOUT_RETURN_TYPE = YES;
				GCC_WARN_UNUSED_VARIABLE = YES;
				SDKROOT = macosx;
			};
			name = Release;
		};
		C214AFD414DAD9B7001E706A /* Debug */ = {
			isa = XCBuildConfiguration;
			buildSettings = {
				GCC_PRECOMPILE_PREFIX_HEADER = YES;
				GCC_PREFIX_HEADER = "TestApp/ALEXMIMEMessage-Prefix.pch";
				INFOPLIST_FILE = "TestApp/ALEXMIMEMessage-Info.plist";
				PRODUCT_NAME = "$(TARGET_NAME)";
				WRAPPER_EXTENSION = app;
			};
			name = Debug;
		};
		C214AFD514DAD9B7001E706A /* Release */ = {
			isa = XCBuildConfiguration;
			buildSettings = {
				GCC_PRECOMPILE_PREFIX_HEADER = YES;
				GCC_PREFIX_HEADER = "TestApp/ALEXMIMEMessage-Prefix.pch";
				INFOPLIST_FILE = "TestApp/ALEXMIMEMessage-Info.plist";
				PRODUCT_NAME = "$(TARGET_NAME)";
				WRAPPER_EXTENSION = app;
			};
			name = Release;
		};
/* End XCBuildConfiguration section */

/* Begin XCConfigurationList section */
		C214AFAF14DAD9B7001E706A /* Build configuration list for PBXProject "ALEXMIMEMessage" */ = {
			isa = XCConfigurationList;
			buildConfigurations = (
				C214AFD114DAD9B7001E706A /* Debug */,
				C214AFD214DAD9B7001E706A /* Release */,
			);
			defaultConfigurationIsVisible = 0;
			defaultConfigurationName = Release;
		};
		C214AFD314DAD9B7001E706A /* Build configuration list for PBXNativeTarget "ALEXMIMEMessageApp" */ = {
			isa = XCConfigurationList;
			buildConfigurations = (
				C214AFD414DAD9B7001E706A /* Debug */,
				C214AFD514DAD9B7001E706A /* Release */,
			);
			defaultConfigurationIsVisible = 0;
			defaultConfigurationName = Release;
		};
/* End XCConfigurationList section */
	};
	rootObject = C214AFAC14DAD9B7001E706A /* Project object */;
}
